
Microsoft Visual Studio Solution File, Format Version 12.00
# Visual Studio 15
Project("{FAE04EC0-301F-11D3-BF4B-00C04F79EFBC}") = "Assembly-CSharp", "Assembly-CSharp.csproj", "{CE8C246C-3000-B308-C22E-628B5568DFA5}"
EndProject
Project("{FAE04EC0-301F-11D3-BF4B-00C04F79EFBC}") = "Assembly-CSharp-firstpass", "Assembly-CSharp-firstpass.csproj", "{190E90D8-9917-5951-AA7B-A730BF055218}"
EndProject
Project("{FAE04EC0-301F-11D3-BF4B-00C04F79EFBC}") = "Assembly-CSharp-Editor-firstpass", "Assembly-CSharp-Editor-firstpass.csproj", "{4C9D36E5-92DA-3332-4315-6C530CB08F6F}"
EndProject
Project("{FAE04EC0-301F-11D3-BF4B-00C04F79EFBC}") = "Unity.UniversalToonShader.Urp.Editor", "Unity.UniversalToonShader.Urp.Editor.csproj", "{F28105EC-EB9D-B413-5ECE-AD95A5E2BDE1}"
EndProject
Project("{FAE04EC0-301F-11D3-BF4B-00C04F79EFBC}") = "Assembly-CSharp-Editor", "Assembly-CSharp-Editor.csproj", "{DC86EB38-20AF-D373-C85E-5393ED174E3A}"
EndProject
Project("{FAE04EC0-301F-11D3-BF4B-00C04F79EFBC}") = "Assembly-CSharp", "Assembly-CSharp.Player.csproj", "{F2B95D0C-DBDA-FB48-F48E-4CCA75B7340F}"
EndProject
Project("{FAE04EC0-301F-11D3-BF4B-00C04F79EFBC}") = "Assembly-CSharp-firstpass", "Assembly-CSharp-firstpass.Player.csproj", "{A65AED5A-3761-6D85-6A19-FDB78D68F783}"
EndProject
Global
	GlobalSection(SolutionConfigurationPlatforms) = preSolution
		Debug|Any CPU = Debug|Any CPU
		Release|Any CPU = Release|Any CPU
	EndGlobalSection
	GlobalSection(ProjectConfigurationPlatforms) = postSolution
		{CE8C246C-3000-B308-C22E-628B5568DFA5}.Debug|Any CPU.ActiveCfg = Debug|Any CPU
		{CE8C246C-3000-B308-C22E-628B5568DFA5}.Debug|Any CPU.Build.0 = Debug|Any CPU
		{CE8C246C-3000-B308-C22E-628B5568DFA5}.Release|Any CPU.ActiveCfg = Release|Any CPU
		{CE8C246C-3000-B308-C22E-628B5568DFA5}.Release|Any CPU.Build.0 = Release|Any CPU
		{190E90D8-9917-5951-AA7B-A730BF055218}.Debug|Any CPU.ActiveCfg = Debug|Any CPU
		{190E90D8-9917-5951-AA7B-A730BF055218}.Debug|Any CPU.Build.0 = Debug|Any CPU
		{190E90D8-9917-5951-AA7B-A730BF055218}.Release|Any CPU.ActiveCfg = Release|Any CPU
		{190E90D8-9917-5951-AA7B-A730BF055218}.Release|Any CPU.Build.0 = Release|Any CPU
		{4C9D36E5-92DA-3332-4315-6C530CB08F6F}.Debug|Any CPU.ActiveCfg = Debug|Any CPU
		{4C9D36E5-92DA-3332-4315-6C530CB08F6F}.Debug|Any CPU.Build.0 = Debug|Any CPU
		{4C9D36E5-92DA-3332-4315-6C530CB08F6F}.Release|Any CPU.ActiveCfg = Release|Any CPU
		{4C9D36E5-92DA-3332-4315-6C530CB08F6F}.Release|Any CPU.Build.0 = Release|Any CPU
		{F28105EC-EB9D-B413-5ECE-AD95A5E2BDE1}.Debug|Any CPU.ActiveCfg = Debug|Any CPU
		{F28105EC-EB9D-B413-5ECE-AD95A5E2BDE1}.Debug|Any CPU.Build.0 = Debug|Any CPU
		{F28105EC-EB9D-B413-5ECE-AD95A5E2BDE1}.Release|Any CPU.ActiveCfg = Release|Any CPU
		{F28105EC-EB9D-B413-5ECE-AD95A5E2BDE1}.Release|Any CPU.Build.0 = Release|Any CPU
		{DC86EB38-20AF-D373-C85E-5393ED174E3A}.Debug|Any CPU.ActiveCfg = Debug|Any CPU
		{DC86EB38-20AF-D373-C85E-5393ED174E3A}.Debug|Any CPU.Build.0 = Debug|Any CPU
		{DC86EB38-20AF-D373-C85E-5393ED174E3A}.Release|Any CPU.ActiveCfg = Release|Any CPU
		{DC86EB38-20AF-D373-C85E-5393ED174E3A}.Release|Any CPU.Build.0 = Release|Any CPU
		{F2B95D0C-DBDA-FB48-F48E-4CCA75B7340F}.Debug|Any CPU.ActiveCfg = Debug|Any CPU
		{F2B95D0C-DBDA-FB48-F48E-4CCA75B7340F}.Debug|Any CPU.Build.0 = Debug|Any CPU
		{F2B95D0C-DBDA-FB48-F48E-4CCA75B7340F}.Release|Any CPU.ActiveCfg = Release|Any CPU
		{F2B95D0C-DBDA-FB48-F48E-4CCA75B7340F}.Release|Any CPU.Build.0 = Release|Any CPU
		{A65AED5A-3761-6D85-6A19-FDB78D68F783}.Debug|Any CPU.ActiveCfg = Debug|Any CPU
		{A65AED5A-3761-6D85-6A19-FDB78D68F783}.Debug|Any CPU.Build.0 = Debug|Any CPU
		{A65AED5A-3761-6D85-6A19-FDB78D68F783}.Release|Any CPU.ActiveCfg = Release|Any CPU
		{A65AED5A-3761-6D85-6A19-FDB78D68F783}.Release|Any CPU.Build.0 = Release|Any CPU
	EndGlobalSection
	GlobalSection(SolutionProperties) = preSolution
		HideSolutionNode = FALSE
	EndGlobalSection
EndGlobal
