
Microsoft Visual Studio Solution File, Format Version 11.00
# Visual Studio 2010
Project("{FAE04EC0-301F-11D3-BF4B-00C04F79EFBC}") = "Unity.VisualEffectGraph.Editor", "Unity.VisualEffectGraph.Editor.csproj", "{c38125b7-0796-70c9-2be8-4accda9df363}"
EndProject
Project("{FAE04EC0-301F-11D3-BF4B-00C04F79EFBC}") = "Unity.ShaderGraph.Editor", "Unity.ShaderGraph.Editor.csproj", "{538afd82-0178-f674-14f6-d3d9b00fa5f8}"
EndProject
Project("{FAE04EC0-301F-11D3-BF4B-00C04F79EFBC}") = "Unity.RenderPipelines.Universal.Runtime", "Unity.RenderPipelines.Universal.Runtime.csproj", "{6ade3cb5-980e-0373-0ce0-8ec5b337d5ed}"
EndProject
Project("{FAE04EC0-301F-11D3-BF4B-00C04F79EFBC}") = "UnityEditor.UI", "UnityEditor.UI.csproj", "{b48989ff-4013-08a9-fb62-6c4d93eadab7}"
EndProject
Project("{FAE04EC0-301F-11D3-BF4B-00C04F79EFBC}") = "Unity.RenderPipelines.Core.Runtime", "Unity.RenderPipelines.Core.Runtime.csproj", "{91bec1fc-37a5-b505-8d99-e30ffce079bc}"
EndProject
Project("{FAE04EC0-301F-11D3-BF4B-00C04F79EFBC}") = "Unity.RenderPipelines.Core.Editor", "Unity.RenderPipelines.Core.Editor.csproj", "{7c866f21-85d3-7228-53d0-cfba92b45923}"
EndProject
Project("{FAE04EC0-301F-11D3-BF4B-00C04F79EFBC}") = "UniGLTF", "UniGLTF.csproj", "{ad967c15-795f-0aaa-1274-773ae965c1e9}"
EndProject
Project("{FAE04EC0-301F-11D3-BF4B-00C04F79EFBC}") = "Unity.RenderPipelines.Universal.Editor", "Unity.RenderPipelines.Universal.Editor.csproj", "{c9ece40d-764e-8d00-9ad2-5e5f0ab66b4a}"
EndProject
Project("{FAE04EC0-301F-11D3-BF4B-00C04F79EFBC}") = "FastSpringBone", "FastSpringBone.csproj", "{5a31cbf5-3d48-ee5f-84f5-ea20a9448818}"
EndProject
Project("{FAE04EC0-301F-11D3-BF4B-00C04F79EFBC}") = "UniGLTF.Tests", "UniGLTF.Tests.csproj", "{04eebd7e-6eb2-c77f-d00f-433ae34b7089}"
EndProject
Project("{FAE04EC0-301F-11D3-BF4B-00C04F79EFBC}") = "PPv2URPConverters", "PPv2URPConverters.csproj", "{a8029065-a2f4-462f-70d8-02d2cf259bda}"
EndProject
Project("{FAE04EC0-301F-11D3-BF4B-00C04F79EFBC}") = "UniGLTF.Editor", "UniGLTF.Editor.csproj", "{0a846a1d-66c6-e4f4-2339-d4c0c3096d34}"
EndProject
Project("{FAE04EC0-301F-11D3-BF4B-00C04F79EFBC}") = "VRMShaders.GLTF.IO.Editor", "VRMShaders.GLTF.IO.Editor.csproj", "{ad0bc077-52a9-eafe-42ec-cf4168f7c637}"
EndProject
Project("{FAE04EC0-301F-11D3-BF4B-00C04F79EFBC}") = "Assembly-CSharp", "Assembly-CSharp.csproj", "{6c248cce-0030-08b3-c22e-628b5568dfa5}"
EndProject
Project("{FAE04EC0-301F-11D3-BF4B-00C04F79EFBC}") = "VRMShaders.GLTF.IO.Runtime", "VRMShaders.GLTF.IO.Runtime.csproj", "{e1814f16-6867-d691-c79c-50eae8e483e4}"
EndProject
Project("{FAE04EC0-301F-11D3-BF4B-00C04F79EFBC}") = "UniVRM.Editor", "UniVRM.Editor.csproj", "{61a07256-081a-d9ad-e28d-750fbf1efc8a}"
EndProject
Project("{FAE04EC0-301F-11D3-BF4B-00C04F79EFBC}") = "VRM", "VRM.csproj", "{b36dda74-beb4-13c3-2492-1df7acc27956}"
EndProject
Project("{FAE04EC0-301F-11D3-BF4B-00C04F79EFBC}") = "VRMShaders.GLTF.IO.Tests", "VRMShaders.GLTF.IO.Tests.csproj", "{419362c2-c144-7211-d0bc-7360ab3de6db}"
EndProject
Project("{FAE04EC0-301F-11D3-BF4B-00C04F79EFBC}") = "Unity.VisualEffectGraph.Runtime", "Unity.VisualEffectGraph.Runtime.csproj", "{edbdb0ac-b084-02c1-6215-6d711bab685f}"
EndProject
Project("{FAE04EC0-301F-11D3-BF4B-00C04F79EFBC}") = "UnityEngine.UI", "UnityEngine.UI.csproj", "{02d8a5d6-7815-b446-ab1e-13e2789752e9}"
EndProject
Project("{FAE04EC0-301F-11D3-BF4B-00C04F79EFBC}") = "Unity.RenderPipeline.Universal.ShaderLibrary", "Unity.RenderPipeline.Universal.ShaderLibrary.csproj", "{b62ede20-0984-6040-2ed4-e099bf4a8ed2}"
EndProject
Project("{FAE04EC0-301F-11D3-BF4B-00C04F79EFBC}") = "VRMShaders.VRM10.MToon10.Runtime", "VRMShaders.VRM10.MToon10.Runtime.csproj", "{74b0aa6f-e7d1-5e9d-118c-43a26ce476c3}"
EndProject
Project("{FAE04EC0-301F-11D3-BF4B-00C04F79EFBC}") = "UniHumanoid", "UniHumanoid.csproj", "{1a828f1a-a875-70ff-0a27-c4b3c932eac7}"
EndProject
Project("{FAE04EC0-301F-11D3-BF4B-00C04F79EFBC}") = "MToon", "MToon.csproj", "{56f29d89-3211-abec-15eb-122fcc1d815a}"
EndProject
Project("{FAE04EC0-301F-11D3-BF4B-00C04F79EFBC}") = "lilToon.Editor", "lilToon.Editor.csproj", "{1defba6b-50ad-2835-7ec8-e458ecb7c905}"
EndProject
Project("{FAE04EC0-301F-11D3-BF4B-00C04F79EFBC}") = "Unity.2D.Sprite.Editor", "Unity.2D.Sprite.Editor.csproj", "{d6860151-4a28-2bdc-381a-d61c17f24369}"
EndProject
Project("{FAE04EC0-301F-11D3-BF4B-00C04F79EFBC}") = "VRM.Tests", "VRM.Tests.csproj", "{6192f4d5-64ea-9a57-3f36-600284dac602}"
EndProject
Project("{FAE04EC0-301F-11D3-BF4B-00C04F79EFBC}") = "Assembly-CSharp-firstpass", "Assembly-CSharp-firstpass.csproj", "{d8900e19-1799-5159-aa7b-a730bf055218}"
EndProject
Project("{FAE04EC0-301F-11D3-BF4B-00C04F79EFBC}") = "VRMShaders.VRM10.MToon10.Tests", "VRMShaders.VRM10.MToon10.Tests.csproj", "{cbbd564e-2555-bc61-d340-362ca8c819cc}"
EndProject
Project("{FAE04EC0-301F-11D3-BF4B-00C04F79EFBC}") = "VRM.Samples.Editor.Tests", "VRM.Samples.Editor.Tests.csproj", "{bfc73230-6a36-475a-3445-2e7ac1e3a8f5}"
EndProject
Project("{FAE04EC0-301F-11D3-BF4B-00C04F79EFBC}") = "VRMShaders.GLTF.UniUnlit.Runtime", "VRMShaders.GLTF.UniUnlit.Runtime.csproj", "{456838a2-b7f1-c6de-4ca6-b0ad6393c91b}"
EndProject
Project("{FAE04EC0-301F-11D3-BF4B-00C04F79EFBC}") = "Unity.ShaderGraph.Utilities", "Unity.ShaderGraph.Utilities.csproj", "{37dfef96-b989-d408-af14-9801f19a98a5}"
EndProject
Project("{FAE04EC0-301F-11D3-BF4B-00C04F79EFBC}") = "Unity.UniversalToonShader.Urp.Editor", "Unity.UniversalToonShader.Urp.Editor.csproj", "{ec0581f2-9deb-13b4-5ece-ad95a5e2bde1}"
EndProject
Project("{FAE04EC0-301F-11D3-BF4B-00C04F79EFBC}") = "VRMShaders.VRM10.MToon10.Editor", "VRMShaders.VRM10.MToon10.Editor.csproj", "{fefac720-7b05-c8fb-0eb8-c4ea1a2e5e0c}"
EndProject
Project("{FAE04EC0-301F-11D3-BF4B-00C04F79EFBC}") = "MToon.Editor", "MToon.Editor.csproj", "{a7c48a0e-8ef9-a506-06e2-3b67c6472e7f}"
EndProject
Project("{FAE04EC0-301F-11D3-BF4B-00C04F79EFBC}") = "Assembly-CSharp-Editor", "Assembly-CSharp-Editor.csproj", "{38eb86dc-af20-73d3-c85e-5393ed174e3a}"
EndProject
Project("{FAE04EC0-301F-11D3-BF4B-00C04F79EFBC}") = "VRMShaders.VRM.IO.Runtime", "VRMShaders.VRM.IO.Runtime.csproj", "{3e2a81b4-8e64-8ba8-953d-10c68f742d99}"
EndProject
Project("{FAE04EC0-301F-11D3-BF4B-00C04F79EFBC}") = "VRMShaders.GLTF.UniUnlit.Editor", "VRMShaders.GLTF.UniUnlit.Editor.csproj", "{62bc035e-1ebe-5ede-3d92-a716d62be23b}"
EndProject
Project("{FAE04EC0-301F-11D3-BF4B-00C04F79EFBC}") = "UniHumanoid.Editor", "UniHumanoid.Editor.csproj", "{096ab02e-2db2-6b89-14c0-f26efaeec872}"
EndProject
Project("{FAE04EC0-301F-11D3-BF4B-00C04F79EFBC}") = "UniHumanoid.Editor.Tests", "UniHumanoid.Editor.Tests.csproj", "{9733ce4a-4ca2-09f9-bdd8-c8d5d01a0f36}"
EndProject
Project("{FAE04EC0-301F-11D3-BF4B-00C04F79EFBC}") = "Assembly-CSharp-Editor-firstpass", "Assembly-CSharp-Editor-firstpass.csproj", "{e5369d4c-da92-3233-4315-6c530cb08f6f}"
EndProject
Project("{FAE04EC0-301F-11D3-BF4B-00C04F79EFBC}") = "VRMShaders.VRM10.Format.Runtime", "VRMShaders.VRM10.Format.Runtime.csproj", "{f4d634af-3820-1e2e-8987-4d1f769bba3b}"
EndProject
Project("{FAE04EC0-301F-11D3-BF4B-00C04F79EFBC}") = "UniGLTF.Samples.ScreenSpace", "UniGLTF.Samples.ScreenSpace.csproj", "{7b9c89e4-1230-f513-04e0-6c192d011da7}"
EndProject
Project("{FAE04EC0-301F-11D3-BF4B-00C04F79EFBC}") = "lilToon.Editor.External", "lilToon.Editor.External.csproj", "{7a9ad4d4-1b7c-e375-2d73-e72efb2cbac5}"
EndProject
Project("{FAE04EC0-301F-11D3-BF4B-00C04F79EFBC}") = "Unity.RenderPipelines.ShaderGraph.ShaderGraphLibrary", "Unity.RenderPipelines.ShaderGraph.ShaderGraphLibrary.csproj", "{e567f54e-6d74-acfb-faaf-2096dcbf049a}"
EndProject
Project("{FAE04EC0-301F-11D3-BF4B-00C04F79EFBC}") = "Unity.RenderPipelines.Core.ShaderLibrary", "Unity.RenderPipelines.Core.ShaderLibrary.csproj", "{5fc0d50c-78e7-ee93-7d06-a714b4bd9c9f}"
EndProject
Project("{FAE04EC0-301F-11D3-BF4B-00C04F79EFBC}") = "Unity.RenderPipelines.Universal.Shaders", "Unity.RenderPipelines.Universal.Shaders.csproj", "{af6eda5e-f5df-9556-eb44-227dd893a5ff}"
EndProject
Global
	GlobalSection(SolutionConfigurationPlatforms) = preSolution
		Debug|Any CPU = Debug|Any CPU
	EndGlobalSection
	GlobalSection(ProjectConfigurationPlatforms) = postSolution
		{c38125b7-0796-70c9-2be8-4accda9df363}.Debug|Any CPU.ActiveCfg = Debug|Any CPU
		{c38125b7-0796-70c9-2be8-4accda9df363}.Debug|Any CPU.Build.0 = Debug|Any CPU
		{538afd82-0178-f674-14f6-d3d9b00fa5f8}.Debug|Any CPU.ActiveCfg = Debug|Any CPU
		{538afd82-0178-f674-14f6-d3d9b00fa5f8}.Debug|Any CPU.Build.0 = Debug|Any CPU
		{6ade3cb5-980e-0373-0ce0-8ec5b337d5ed}.Debug|Any CPU.ActiveCfg = Debug|Any CPU
		{6ade3cb5-980e-0373-0ce0-8ec5b337d5ed}.Debug|Any CPU.Build.0 = Debug|Any CPU
		{b48989ff-4013-08a9-fb62-6c4d93eadab7}.Debug|Any CPU.ActiveCfg = Debug|Any CPU
		{b48989ff-4013-08a9-fb62-6c4d93eadab7}.Debug|Any CPU.Build.0 = Debug|Any CPU
		{91bec1fc-37a5-b505-8d99-e30ffce079bc}.Debug|Any CPU.ActiveCfg = Debug|Any CPU
		{91bec1fc-37a5-b505-8d99-e30ffce079bc}.Debug|Any CPU.Build.0 = Debug|Any CPU
		{7c866f21-85d3-7228-53d0-cfba92b45923}.Debug|Any CPU.ActiveCfg = Debug|Any CPU
		{7c866f21-85d3-7228-53d0-cfba92b45923}.Debug|Any CPU.Build.0 = Debug|Any CPU
		{ad967c15-795f-0aaa-1274-773ae965c1e9}.Debug|Any CPU.ActiveCfg = Debug|Any CPU
		{ad967c15-795f-0aaa-1274-773ae965c1e9}.Debug|Any CPU.Build.0 = Debug|Any CPU
		{c9ece40d-764e-8d00-9ad2-5e5f0ab66b4a}.Debug|Any CPU.ActiveCfg = Debug|Any CPU
		{c9ece40d-764e-8d00-9ad2-5e5f0ab66b4a}.Debug|Any CPU.Build.0 = Debug|Any CPU
		{5a31cbf5-3d48-ee5f-84f5-ea20a9448818}.Debug|Any CPU.ActiveCfg = Debug|Any CPU
		{5a31cbf5-3d48-ee5f-84f5-ea20a9448818}.Debug|Any CPU.Build.0 = Debug|Any CPU
		{04eebd7e-6eb2-c77f-d00f-433ae34b7089}.Debug|Any CPU.ActiveCfg = Debug|Any CPU
		{04eebd7e-6eb2-c77f-d00f-433ae34b7089}.Debug|Any CPU.Build.0 = Debug|Any CPU
		{a8029065-a2f4-462f-70d8-02d2cf259bda}.Debug|Any CPU.ActiveCfg = Debug|Any CPU
		{a8029065-a2f4-462f-70d8-02d2cf259bda}.Debug|Any CPU.Build.0 = Debug|Any CPU
		{0a846a1d-66c6-e4f4-2339-d4c0c3096d34}.Debug|Any CPU.ActiveCfg = Debug|Any CPU
		{0a846a1d-66c6-e4f4-2339-d4c0c3096d34}.Debug|Any CPU.Build.0 = Debug|Any CPU
		{ad0bc077-52a9-eafe-42ec-cf4168f7c637}.Debug|Any CPU.ActiveCfg = Debug|Any CPU
		{ad0bc077-52a9-eafe-42ec-cf4168f7c637}.Debug|Any CPU.Build.0 = Debug|Any CPU
		{6c248cce-0030-08b3-c22e-628b5568dfa5}.Debug|Any CPU.ActiveCfg = Debug|Any CPU
		{6c248cce-0030-08b3-c22e-628b5568dfa5}.Debug|Any CPU.Build.0 = Debug|Any CPU
		{e1814f16-6867-d691-c79c-50eae8e483e4}.Debug|Any CPU.ActiveCfg = Debug|Any CPU
		{e1814f16-6867-d691-c79c-50eae8e483e4}.Debug|Any CPU.Build.0 = Debug|Any CPU
		{61a07256-081a-d9ad-e28d-750fbf1efc8a}.Debug|Any CPU.ActiveCfg = Debug|Any CPU
		{61a07256-081a-d9ad-e28d-750fbf1efc8a}.Debug|Any CPU.Build.0 = Debug|Any CPU
		{b36dda74-beb4-13c3-2492-1df7acc27956}.Debug|Any CPU.ActiveCfg = Debug|Any CPU
		{b36dda74-beb4-13c3-2492-1df7acc27956}.Debug|Any CPU.Build.0 = Debug|Any CPU
		{419362c2-c144-7211-d0bc-7360ab3de6db}.Debug|Any CPU.ActiveCfg = Debug|Any CPU
		{419362c2-c144-7211-d0bc-7360ab3de6db}.Debug|Any CPU.Build.0 = Debug|Any CPU
		{edbdb0ac-b084-02c1-6215-6d711bab685f}.Debug|Any CPU.ActiveCfg = Debug|Any CPU
		{edbdb0ac-b084-02c1-6215-6d711bab685f}.Debug|Any CPU.Build.0 = Debug|Any CPU
		{02d8a5d6-7815-b446-ab1e-13e2789752e9}.Debug|Any CPU.ActiveCfg = Debug|Any CPU
		{02d8a5d6-7815-b446-ab1e-13e2789752e9}.Debug|Any CPU.Build.0 = Debug|Any CPU
		{b62ede20-0984-6040-2ed4-e099bf4a8ed2}.Debug|Any CPU.ActiveCfg = Debug|Any CPU
		{b62ede20-0984-6040-2ed4-e099bf4a8ed2}.Debug|Any CPU.Build.0 = Debug|Any CPU
		{74b0aa6f-e7d1-5e9d-118c-43a26ce476c3}.Debug|Any CPU.ActiveCfg = Debug|Any CPU
		{74b0aa6f-e7d1-5e9d-118c-43a26ce476c3}.Debug|Any CPU.Build.0 = Debug|Any CPU
		{1a828f1a-a875-70ff-0a27-c4b3c932eac7}.Debug|Any CPU.ActiveCfg = Debug|Any CPU
		{1a828f1a-a875-70ff-0a27-c4b3c932eac7}.Debug|Any CPU.Build.0 = Debug|Any CPU
		{56f29d89-3211-abec-15eb-122fcc1d815a}.Debug|Any CPU.ActiveCfg = Debug|Any CPU
		{56f29d89-3211-abec-15eb-122fcc1d815a}.Debug|Any CPU.Build.0 = Debug|Any CPU
		{1defba6b-50ad-2835-7ec8-e458ecb7c905}.Debug|Any CPU.ActiveCfg = Debug|Any CPU
		{1defba6b-50ad-2835-7ec8-e458ecb7c905}.Debug|Any CPU.Build.0 = Debug|Any CPU
		{d6860151-4a28-2bdc-381a-d61c17f24369}.Debug|Any CPU.ActiveCfg = Debug|Any CPU
		{d6860151-4a28-2bdc-381a-d61c17f24369}.Debug|Any CPU.Build.0 = Debug|Any CPU
		{6192f4d5-64ea-9a57-3f36-600284dac602}.Debug|Any CPU.ActiveCfg = Debug|Any CPU
		{6192f4d5-64ea-9a57-3f36-600284dac602}.Debug|Any CPU.Build.0 = Debug|Any CPU
		{d8900e19-1799-5159-aa7b-a730bf055218}.Debug|Any CPU.ActiveCfg = Debug|Any CPU
		{d8900e19-1799-5159-aa7b-a730bf055218}.Debug|Any CPU.Build.0 = Debug|Any CPU
		{cbbd564e-2555-bc61-d340-362ca8c819cc}.Debug|Any CPU.ActiveCfg = Debug|Any CPU
		{cbbd564e-2555-bc61-d340-362ca8c819cc}.Debug|Any CPU.Build.0 = Debug|Any CPU
		{bfc73230-6a36-475a-3445-2e7ac1e3a8f5}.Debug|Any CPU.ActiveCfg = Debug|Any CPU
		{bfc73230-6a36-475a-3445-2e7ac1e3a8f5}.Debug|Any CPU.Build.0 = Debug|Any CPU
		{456838a2-b7f1-c6de-4ca6-b0ad6393c91b}.Debug|Any CPU.ActiveCfg = Debug|Any CPU
		{456838a2-b7f1-c6de-4ca6-b0ad6393c91b}.Debug|Any CPU.Build.0 = Debug|Any CPU
		{37dfef96-b989-d408-af14-9801f19a98a5}.Debug|Any CPU.ActiveCfg = Debug|Any CPU
		{37dfef96-b989-d408-af14-9801f19a98a5}.Debug|Any CPU.Build.0 = Debug|Any CPU
		{ec0581f2-9deb-13b4-5ece-ad95a5e2bde1}.Debug|Any CPU.ActiveCfg = Debug|Any CPU
		{ec0581f2-9deb-13b4-5ece-ad95a5e2bde1}.Debug|Any CPU.Build.0 = Debug|Any CPU
		{fefac720-7b05-c8fb-0eb8-c4ea1a2e5e0c}.Debug|Any CPU.ActiveCfg = Debug|Any CPU
		{fefac720-7b05-c8fb-0eb8-c4ea1a2e5e0c}.Debug|Any CPU.Build.0 = Debug|Any CPU
		{a7c48a0e-8ef9-a506-06e2-3b67c6472e7f}.Debug|Any CPU.ActiveCfg = Debug|Any CPU
		{a7c48a0e-8ef9-a506-06e2-3b67c6472e7f}.Debug|Any CPU.Build.0 = Debug|Any CPU
		{38eb86dc-af20-73d3-c85e-5393ed174e3a}.Debug|Any CPU.ActiveCfg = Debug|Any CPU
		{38eb86dc-af20-73d3-c85e-5393ed174e3a}.Debug|Any CPU.Build.0 = Debug|Any CPU
		{3e2a81b4-8e64-8ba8-953d-10c68f742d99}.Debug|Any CPU.ActiveCfg = Debug|Any CPU
		{3e2a81b4-8e64-8ba8-953d-10c68f742d99}.Debug|Any CPU.Build.0 = Debug|Any CPU
		{62bc035e-1ebe-5ede-3d92-a716d62be23b}.Debug|Any CPU.ActiveCfg = Debug|Any CPU
		{62bc035e-1ebe-5ede-3d92-a716d62be23b}.Debug|Any CPU.Build.0 = Debug|Any CPU
		{096ab02e-2db2-6b89-14c0-f26efaeec872}.Debug|Any CPU.ActiveCfg = Debug|Any CPU
		{096ab02e-2db2-6b89-14c0-f26efaeec872}.Debug|Any CPU.Build.0 = Debug|Any CPU
		{9733ce4a-4ca2-09f9-bdd8-c8d5d01a0f36}.Debug|Any CPU.ActiveCfg = Debug|Any CPU
		{9733ce4a-4ca2-09f9-bdd8-c8d5d01a0f36}.Debug|Any CPU.Build.0 = Debug|Any CPU
		{e5369d4c-da92-3233-4315-6c530cb08f6f}.Debug|Any CPU.ActiveCfg = Debug|Any CPU
		{e5369d4c-da92-3233-4315-6c530cb08f6f}.Debug|Any CPU.Build.0 = Debug|Any CPU
		{f4d634af-3820-1e2e-8987-4d1f769bba3b}.Debug|Any CPU.ActiveCfg = Debug|Any CPU
		{f4d634af-3820-1e2e-8987-4d1f769bba3b}.Debug|Any CPU.Build.0 = Debug|Any CPU
		{7b9c89e4-1230-f513-04e0-6c192d011da7}.Debug|Any CPU.ActiveCfg = Debug|Any CPU
		{7b9c89e4-1230-f513-04e0-6c192d011da7}.Debug|Any CPU.Build.0 = Debug|Any CPU
		{7a9ad4d4-1b7c-e375-2d73-e72efb2cbac5}.Debug|Any CPU.ActiveCfg = Debug|Any CPU
		{7a9ad4d4-1b7c-e375-2d73-e72efb2cbac5}.Debug|Any CPU.Build.0 = Debug|Any CPU
		{e567f54e-6d74-acfb-faaf-2096dcbf049a}.Debug|Any CPU.ActiveCfg = Debug|Any CPU
		{e567f54e-6d74-acfb-faaf-2096dcbf049a}.Debug|Any CPU.Build.0 = Debug|Any CPU
		{5fc0d50c-78e7-ee93-7d06-a714b4bd9c9f}.Debug|Any CPU.ActiveCfg = Debug|Any CPU
		{5fc0d50c-78e7-ee93-7d06-a714b4bd9c9f}.Debug|Any CPU.Build.0 = Debug|Any CPU
		{af6eda5e-f5df-9556-eb44-227dd893a5ff}.Debug|Any CPU.ActiveCfg = Debug|Any CPU
		{af6eda5e-f5df-9556-eb44-227dd893a5ff}.Debug|Any CPU.Build.0 = Debug|Any CPU
	EndGlobalSection
	GlobalSection(SolutionProperties) = preSolution
		HideSolutionNode = FALSE
	EndGlobalSection
EndGlobal
